// !$*UTF8*$!
{
	archiveVersion = 1;
	classes = {
	};
	objectVersion = 50;
	objects = {

/* Begin PBXBuildFile section */
		3F1DDEE626DFD4070063C12B /* OrderView.swift in Sources */ = {isa = PBXBuildFile; fileRef = 3F1DDEE526DFD4070063C12B /* OrderView.swift */; };
		3F1DDEEA26DFD5FB0063C12B /* MainView.swift in Sources */ = {isa = PBXBuildFile; fileRef = 3F1DDEE926DFD5FB0063C12B /* MainView.swift */; };
		3F1DDEEC26DFD7810063C12B /* CheckoutView.swift in Sources */ = {isa = PBXBuildFile; fileRef = 3F1DDEEB26DFD7810063C12B /* CheckoutView.swift */; };
		3F2180B126E137E000D442EC /* comic.ttf in Resources */ = {isa = PBXBuildFile; fileRef = 3F2180B026E137E000D442EC /* comic.ttf */; };
		3F2180B726E25F6200D442EC /* BlurView.swift in Sources */ = {isa = PBXBuildFile; fileRef = 3F2180B426E25F6200D442EC /* BlurView.swift */; };
		3F2180B826E25F6200D442EC /* AlertToast.swift in Sources */ = {isa = PBXBuildFile; fileRef = 3F2180B526E25F6200D442EC /* AlertToast.swift */; };
		3F2180B926E25F6200D442EC /* ActivityIndicator.swift in Sources */ = {isa = PBXBuildFile; fileRef = 3F2180B626E25F6200D442EC /* ActivityIndicator.swift */; };
		3F2180BB26E2636E00D442EC /* FavoritesView.swift in Sources */ = {isa = PBXBuildFile; fileRef = 3F2180BA26E2636E00D442EC /* FavoritesView.swift */; };
		3F2180BD26E27A3E00D442EC /* Favorites.swift in Sources */ = {isa = PBXBuildFile; fileRef = 3F2180BC26E27A3E00D442EC /* Favorites.swift */; };
		3F752FF526DE862E00C1E361 /* ItemRow.swift in Sources */ = {isa = PBXBuildFile; fileRef = 3F752FF426DE862E00C1E361 /* ItemRow.swift */; };
		3F9B96A726DD349A003A2B50 /* iDineApp.swift in Sources */ = {isa = PBXBuildFile; fileRef = 3F9B96A626DD349A003A2B50 /* iDineApp.swift */; };
		3F9B96A926DD349A003A2B50 /* ContentView.swift in Sources */ = {isa = PBXBuildFile; fileRef = 3F9B96A826DD349A003A2B50 /* ContentView.swift */; };
		3F9B96AB26DD34A5003A2B50 /* Assets.xcassets in Resources */ = {isa = PBXBuildFile; fileRef = 3F9B96AA26DD34A5003A2B50 /* Assets.xcassets */; };
		3F9B96AE26DD34A5003A2B50 /* Preview Assets.xcassets in Resources */ = {isa = PBXBuildFile; fileRef = 3F9B96AD26DD34A5003A2B50 /* Preview Assets.xcassets */; };
		3F9B96B926DD355A003A2B50 /* Helper.swift in Sources */ = {isa = PBXBuildFile; fileRef = 3F9B96B526DD355A003A2B50 /* Helper.swift */; };
		3F9B96BA26DD355A003A2B50 /* Order.swift in Sources */ = {isa = PBXBuildFile; fileRef = 3F9B96B626DD355A003A2B50 /* Order.swift */; };
		3F9B96BB26DD355A003A2B50 /* menu.json in Resources */ = {isa = PBXBuildFile; fileRef = 3F9B96B726DD355A003A2B50 /* menu.json */; };
		3F9B96BC26DD355A003A2B50 /* Menu.swift in Sources */ = {isa = PBXBuildFile; fileRef = 3F9B96B826DD355A003A2B50 /* Menu.swift */; };
		3FD0CA2326DE9D7F00024825 /* ItemDetail.swift in Sources */ = {isa = PBXBuildFile; fileRef = 3FD0CA2226DE9D7F00024825 /* ItemDetail.swift */; };
/* End PBXBuildFile section */

/* Begin PBXFileReference section */
		3F1DDEE526DFD4070063C12B /* OrderView.swift */ = {isa = PBXFileReference; lastKnownFileType = sourcecode.swift; path = OrderView.swift; sourceTree = "<group>"; };
		3F1DDEE926DFD5FB0063C12B /* MainView.swift */ = {isa = PBXFileReference; lastKnownFileType = sourcecode.swift; path = MainView.swift; sourceTree = "<group>"; };
		3F1DDEEB26DFD7810063C12B /* CheckoutView.swift */ = {isa = PBXFileReference; lastKnownFileType = sourcecode.swift; path = CheckoutView.swift; sourceTree = "<group>"; };
		3F2180B026E137E000D442EC /* comic.ttf */ = {isa = PBXFileReference; lastKnownFileType = file; path = comic.ttf; sourceTree = "<group>"; };
		3F2180B426E25F6200D442EC /* BlurView.swift */ = {isa = PBXFileReference; fileEncoding = 4; lastKnownFileType = sourcecode.swift; path = BlurView.swift; sourceTree = "<group>"; };
		3F2180B526E25F6200D442EC /* AlertToast.swift */ = {isa = PBXFileReference; fileEncoding = 4; lastKnownFileType = sourcecode.swift; path = AlertToast.swift; sourceTree = "<group>"; };
		3F2180B626E25F6200D442EC /* ActivityIndicator.swift */ = {isa = PBXFileReference; fileEncoding = 4; lastKnownFileType = sourcecode.swift; path = ActivityIndicator.swift; sourceTree = "<group>"; };
		3F2180BA26E2636E00D442EC /* FavoritesView.swift */ = {isa = PBXFileReference; lastKnownFileType = sourcecode.swift; path = FavoritesView.swift; sourceTree = "<group>"; };
		3F2180BC26E27A3E00D442EC /* Favorites.swift */ = {isa = PBXFileReference; lastKnownFileType = sourcecode.swift; path = Favorites.swift; sourceTree = "<group>"; };
		3F752FF426DE862E00C1E361 /* ItemRow.swift */ = {isa = PBXFileReference; lastKnownFileType = sourcecode.swift; path = ItemRow.swift; sourceTree = "<group>"; };
		3F9B96A326DD349A003A2B50 /* iDine.app */ = {isa = PBXFileReference; explicitFileType = wrapper.application; includeInIndex = 0; path = iDine.app; sourceTree = BUILT_PRODUCTS_DIR; };
		3F9B96A626DD349A003A2B50 /* iDineApp.swift */ = {isa = PBXFileReference; lastKnownFileType = sourcecode.swift; path = iDineApp.swift; sourceTree = "<group>"; };
		3F9B96A826DD349A003A2B50 /* ContentView.swift */ = {isa = PBXFileReference; lastKnownFileType = sourcecode.swift; path = ContentView.swift; sourceTree = "<group>"; };
		3F9B96AA26DD34A5003A2B50 /* Assets.xcassets */ = {isa = PBXFileReference; lastKnownFileType = folder.assetcatalog; path = Assets.xcassets; sourceTree = "<group>"; };
		3F9B96AD26DD34A5003A2B50 /* Preview Assets.xcassets */ = {isa = PBXFileReference; lastKnownFileType = folder.assetcatalog; path = "Preview Assets.xcassets"; sourceTree = "<group>"; };
		3F9B96AF26DD34A5003A2B50 /* Info.plist */ = {isa = PBXFileReference; lastKnownFileType = text.plist.xml; path = Info.plist; sourceTree = "<group>"; };
		3F9B96B526DD355A003A2B50 /* Helper.swift */ = {isa = PBXFileReference; fileEncoding = 4; lastKnownFileType = sourcecode.swift; name = Helper.swift; path = ../../../Downloads/idine/Helper.swift; sourceTree = "<group>"; };
		3F9B96B626DD355A003A2B50 /* Order.swift */ = {isa = PBXFileReference; fileEncoding = 4; lastKnownFileType = sourcecode.swift; name = Order.swift; path = ../../../Downloads/idine/Order.swift; sourceTree = "<group>"; };
		3F9B96B726DD355A003A2B50 /* menu.json */ = {isa = PBXFileReference; fileEncoding = 4; lastKnownFileType = text.json; name = menu.json; path = ../../../Downloads/idine/menu.json; sourceTree = "<group>"; };
		3F9B96B826DD355A003A2B50 /* Menu.swift */ = {isa = PBXFileReference; fileEncoding = 4; lastKnownFileType = sourcecode.swift; name = Menu.swift; path = ../../../Downloads/idine/Menu.swift; sourceTree = "<group>"; };
		3FD0CA2226DE9D7F00024825 /* ItemDetail.swift */ = {isa = PBXFileReference; lastKnownFileType = sourcecode.swift; path = ItemDetail.swift; sourceTree = "<group>"; };
/* End PBXFileReference section */

/* Begin PBXFrameworksBuildPhase section */
		3F9B96A026DD349A003A2B50 /* Frameworks */ = {
			isa = PBXFrameworksBuildPhase;
			buildActionMask = 2147483647;
			files = (
			);
			runOnlyForDeploymentPostprocessing = 0;
		};
/* End PBXFrameworksBuildPhase section */

/* Begin PBXGroup section */
		3F2180B226E25F6200D442EC /* Sources */ = {
			isa = PBXGroup;
			children = (
				3F2180B326E25F6200D442EC /* AlertToast */,
			);
			path = Sources;
			sourceTree = "<group>";
		};
		3F2180B326E25F6200D442EC /* AlertToast */ = {
			isa = PBXGroup;
			children = (
				3F2180B426E25F6200D442EC /* BlurView.swift */,
				3F2180B526E25F6200D442EC /* AlertToast.swift */,
				3F2180B626E25F6200D442EC /* ActivityIndicator.swift */,
			);
			path = AlertToast;
			sourceTree = "<group>";
		};
		3F9B969A26DD349A003A2B50 = {
			isa = PBXGroup;
			children = (
				3F2180B226E25F6200D442EC /* Sources */,
				3F9B96A526DD349A003A2B50 /* iDine */,
				3F9B96A426DD349A003A2B50 /* Products */,
			);
			sourceTree = "<group>";
		};
		3F9B96A426DD349A003A2B50 /* Products */ = {
			isa = PBXGroup;
			children = (
				3F9B96A326DD349A003A2B50 /* iDine.app */,
			);
			name = Products;
			sourceTree = "<group>";
		};
		3F9B96A526DD349A003A2B50 /* iDine */ = {
			isa = PBXGroup;
			children = (
				3F9B96B526DD355A003A2B50 /* Helper.swift */,
				3F9B96B726DD355A003A2B50 /* menu.json */,
				3F9B96B826DD355A003A2B50 /* Menu.swift */,
				3F9B96B626DD355A003A2B50 /* Order.swift */,
				3F2180BC26E27A3E00D442EC /* Favorites.swift */,
				3F9B96A626DD349A003A2B50 /* iDineApp.swift */,
				3F1DDEEB26DFD7810063C12B /* CheckoutView.swift */,
				3F9B96A826DD349A003A2B50 /* ContentView.swift */,
				3FD0CA2226DE9D7F00024825 /* ItemDetail.swift */,
				3F2180B026E137E000D442EC /* comic.ttf */,
				3F1DDEE526DFD4070063C12B /* OrderView.swift */,
				3F1DDEE926DFD5FB0063C12B /* MainView.swift */,
				3F2180BA26E2636E00D442EC /* FavoritesView.swift */,
				3F752FF426DE862E00C1E361 /* ItemRow.swift */,
				3F9B96AA26DD34A5003A2B50 /* Assets.xcassets */,
				3F9B96AF26DD34A5003A2B50 /* Info.plist */,
				3F9B96AC26DD34A5003A2B50 /* Preview Content */,
			);
			path = iDine;
			sourceTree = "<group>";
		};
		3F9B96AC26DD34A5003A2B50 /* Preview Content */ = {
			isa = PBXGroup;
			children = (
				3F9B96AD26DD34A5003A2B50 /* Preview Assets.xcassets */,
			);
			path = "Preview Content";
			sourceTree = "<group>";
		};
/* End PBXGroup section */

/* Begin PBXNativeTarget section */
		3F9B96A226DD349A003A2B50 /* iDine */ = {
			isa = PBXNativeTarget;
			buildConfigurationList = 3F9B96B226DD34A5003A2B50 /* Build configuration list for PBXNativeTarget "iDine" */;
			buildPhases = (
				3F9B969F26DD349A003A2B50 /* Sources */,
				3F9B96A026DD349A003A2B50 /* Frameworks */,
				3F9B96A126DD349A003A2B50 /* Resources */,
			);
			buildRules = (
			);
			dependencies = (
			);
			name = iDine;
			productName = iDine;
			productReference = 3F9B96A326DD349A003A2B50 /* iDine.app */;
			productType = "com.apple.product-type.application";
		};
/* End PBXNativeTarget section */

/* Begin PBXProject section */
		3F9B969B26DD349A003A2B50 /* Project object */ = {
			isa = PBXProject;
			attributes = {
				LastSwiftUpdateCheck = 1250;
				LastUpgradeCheck = 1250;
				TargetAttributes = {
					3F9B96A226DD349A003A2B50 = {
						CreatedOnToolsVersion = 12.5.1;
					};
				};
			};
			buildConfigurationList = 3F9B969E26DD349A003A2B50 /* Build configuration list for PBXProject "iDine" */;
			compatibilityVersion = "Xcode 9.3";
			developmentRegion = en;
			hasScannedForEncodings = 0;
			knownRegions = (
				en,
				Base,
			);
			mainGroup = 3F9B969A26DD349A003A2B50;
			productRefGroup = 3F9B96A426DD349A003A2B50 /* Products */;
			projectDirPath = "";
			projectRoot = "";
			targets = (
				3F9B96A226DD349A003A2B50 /* iDine */,
			);
		};
/* End PBXProject section */

/* Begin PBXResourcesBuildPhase section */
		3F9B96A126DD349A003A2B50 /* Resources */ = {
			isa = PBXResourcesBuildPhase;
			buildActionMask = 2147483647;
			files = (
				3F2180B126E137E000D442EC /* comic.ttf in Resources */,
				3F9B96BB26DD355A003A2B50 /* menu.json in Resources */,
				3F9B96AE26DD34A5003A2B50 /* Preview Assets.xcassets in Resources */,
				3F9B96AB26DD34A5003A2B50 /* Assets.xcassets in Resources */,
			);
			runOnlyForDeploymentPostprocessing = 0;
		};
/* End PBXResourcesBuildPhase section */

/* Begin PBXSourcesBuildPhase section */
		3F9B969F26DD349A003A2B50 /* Sources */ = {
			isa = PBXSourcesBuildPhase;
			buildActionMask = 2147483647;
			files = (
				3FD0CA2326DE9D7F00024825 /* ItemDetail.swift in Sources */,
				3F1DDEEA26DFD5FB0063C12B /* MainView.swift in Sources */,
				3F1DDEEC26DFD7810063C12B /* CheckoutView.swift in Sources */,
				3F2180BD26E27A3E00D442EC /* Favorites.swift in Sources */,
				3F1DDEE626DFD4070063C12B /* OrderView.swift in Sources */,
				3F2180BB26E2636E00D442EC /* FavoritesView.swift in Sources */,
				3F2180B926E25F6200D442EC /* ActivityIndicator.swift in Sources */,
				3F2180B726E25F6200D442EC /* BlurView.swift in Sources */,
				3F9B96A926DD349A003A2B50 /* ContentView.swift in Sources */,
				3F2180B826E25F6200D442EC /* AlertToast.swift in Sources */,
				3F9B96A726DD349A003A2B50 /* iDineApp.swift in Sources */,
				3F9B96BA26DD355A003A2B50 /* Order.swift in Sources */,
				3F752FF526DE862E00C1E361 /* ItemRow.swift in Sources */,
				3F9B96B926DD355A003A2B50 /* Helper.swift in Sources */,
				3F9B96BC26DD355A003A2B50 /* Menu.swift in Sources */,
			);
			runOnlyForDeploymentPostprocessing = 0;
		};
/* End PBXSourcesBuildPhase section */

/* Begin XCBuildConfiguration section */
		3F9B96B026DD34A5003A2B50 /* Debug */ = {
			isa = XCBuildConfiguration;
			buildSettings = {
				ALWAYS_SEARCH_USER_PATHS = NO;
				CLANG_ANALYZER_NONNULL = YES;
				CLANG_ANALYZER_NUMBER_OBJECT_CONVERSION = YES_AGGRESSIVE;
				CLANG_CXX_LANGUAGE_STANDARD = "gnu++14";
				CLANG_CXX_LIBRARY = "libc++";
				CLANG_ENABLE_MODULES = YES;
				CLANG_ENABLE_OBJC_ARC = YES;
				CLANG_ENABLE_OBJC_WEAK = YES;
				CLANG_WARN_BLOCK_CAPTURE_AUTORELEASING = YES;
				CLANG_WARN_BOOL_CONVERSION = YES;
				CLANG_WARN_COMMA = YES;
				CLANG_WARN_CONSTANT_CONVERSION = YES;
				CLANG_WARN_DEPRECATED_OBJC_IMPLEMENTATIONS = YES;
				CLANG_WARN_DIRECT_OBJC_ISA_USAGE = YES_ERROR;
				CLANG_WARN_DOCUMENTATION_COMMENTS = YES;
				CLANG_WARN_EMPTY_BODY = YES;
				CLANG_WARN_ENUM_CONVERSION = YES;
				CLANG_WARN_INFINITE_RECURSION = YES;
				CLANG_WARN_INT_CONVERSION = YES;
				CLANG_WARN_NON_LITERAL_NULL_CONVERSION = YES;
				CLANG_WARN_OBJC_IMPLICIT_RETAIN_SELF = YES;
				CLANG_WARN_OBJC_LITERAL_CONVERSION = YES;
				CLANG_WARN_OBJC_ROOT_CLASS = YES_ERROR;
				CLANG_WARN_QUOTED_INCLUDE_IN_FRAMEWORK_HEADER = YES;
				CLANG_WARN_RANGE_LOOP_ANALYSIS = YES;
				CLANG_WARN_STRICT_PROTOTYPES = YES;
				CLANG_WARN_SUSPICIOUS_MOVE = YES;
				CLANG_WARN_UNGUARDED_AVAILABILITY = YES_AGGRESSIVE;
				CLANG_WARN_UNREACHABLE_CODE = YES;
				CLANG_WARN__DUPLICATE_METHOD_MATCH = YES;
				COPY_PHASE_STRIP = NO;
				DEBUG_INFORMATION_FORMAT = dwarf;
				ENABLE_STRICT_OBJC_MSGSEND = YES;
				ENABLE_TESTABILITY = YES;
				GCC_C_LANGUAGE_STANDARD = gnu11;
				GCC_DYNAMIC_NO_PIC = NO;
				GCC_NO_COMMON_BLOCKS = YES;
				GCC_OPTIMIZATION_LEVEL = 0;
				GCC_PREPROCESSOR_DEFINITIONS = (
					"DEBUG=1",
					"$(inherited)",
				);
				GCC_WARN_64_TO_32_BIT_CONVERSION = YES;
				GCC_WARN_ABOUT_RETURN_TYPE = YES_ERROR;
				GCC_WARN_UNDECLARED_SELECTOR = YES;
				GCC_WARN_UNINITIALIZED_AUTOS = YES_AGGRESSIVE;
				GCC_WARN_UNUSED_FUNCTION = YES;
				GCC_WARN_UNUSED_VARIABLE = YES;
				IPHONEOS_DEPLOYMENT_TARGET = 14.5;
				MTL_ENABLE_DEBUG_INFO = INCLUDE_SOURCE;
				MTL_FAST_MATH = YES;
				ONLY_ACTIVE_ARCH = YES;
				SDKROOT = iphoneos;
				SWIFT_ACTIVE_COMPILATION_CONDITIONS = DEBUG;
				SWIFT_OPTIMIZATION_LEVEL = "-Onone";
			};
			name = Debug;
		};
		3F9B96B126DD34A5003A2B50 /* Release */ = {
			isa = XCBuildConfiguration;
			buildSettings = {
				ALWAYS_SEARCH_USER_PATHS = NO;
				CLANG_ANALYZER_NONNULL = YES;
				CLANG_ANALYZER_NUMBER_OBJECT_CONVERSION = YES_AGGRESSIVE;
				CLANG_CXX_LANGUAGE_STANDARD = "gnu++14";
				CLANG_CXX_LIBRARY = "libc++";
				CLANG_ENABLE_MODULES = YES;
				CLANG_ENABLE_OBJC_ARC = YES;
				CLANG_ENABLE_OBJC_WEAK = YES;
				CLANG_WARN_BLOCK_CAPTURE_AUTORELEASING = YES;
				CLANG_WARN_BOOL_CONVERSION = YES;
				CLANG_WARN_COMMA = YES;
				CLANG_WARN_CONSTANT_CONVERSION = YES;
				CLANG_WARN_DEPRECATED_OBJC_IMPLEMENTATIONS = YES;
				CLANG_WARN_DIRECT_OBJC_ISA_USAGE = YES_ERROR;
				CLANG_WARN_DOCUMENTATION_COMMENTS = YES;
				CLANG_WARN_EMPTY_BODY = YES;
				CLANG_WARN_ENUM_CONVERSION = YES;
				CLANG_WARN_INFINITE_RECURSION = YES;
				CLANG_WARN_INT_CONVERSION = YES;
				CLANG_WARN_NON_LITERAL_NULL_CONVERSION = YES;
				CLANG_WARN_OBJC_IMPLICIT_RETAIN_SELF = YES;
				CLANG_WARN_OBJC_LITERAL_CONVERSION = YES;
				CLANG_WARN_OBJC_ROOT_CLASS = YES_ERROR;
				CLANG_WARN_QUOTED_INCLUDE_IN_FRAMEWORK_HEADER = YES;
				CLANG_WARN_RANGE_LOOP_ANALYSIS = YES;
				CLANG_WARN_STRICT_PROTOTYPES = YES;
				CLANG_WARN_SUSPICIOUS_MOVE = YES;
				CLANG_WARN_UNGUARDED_AVAILABILITY = YES_AGGRESSIVE;
				CLANG_WARN_UNREACHABLE_CODE = YES;
				CLANG_WARN__DUPLICATE_METHOD_MATCH = YES;
				COPY_PHASE_STRIP = NO;
				DEBUG_INFORMATION_FORMAT = "dwarf-with-dsym";
				ENABLE_NS_ASSERTIONS = NO;
				ENABLE_STRICT_OBJC_MSGSEND = YES;
				GCC_C_LANGUAGE_STANDARD = gnu11;
				GCC_NO_COMMON_BLOCKS = YES;
				GCC_WARN_64_TO_32_BIT_CONVERSION = YES;
				GCC_WARN_ABOUT_RETURN_TYPE = YES_ERROR;
				GCC_WARN_UNDECLARED_SELECTOR = YES;
				GCC_WARN_UNINITIALIZED_AUTOS = YES_AGGRESSIVE;
				GCC_WARN_UNUSED_FUNCTION = YES;
				GCC_WARN_UNUSED_VARIABLE = YES;
				IPHONEOS_DEPLOYMENT_TARGET = 14.5;
				MTL_ENABLE_DEBUG_INFO = NO;
				MTL_FAST_MATH = YES;
				SDKROOT = iphoneos;
				SWIFT_COMPILATION_MODE = wholemodule;
				SWIFT_OPTIMIZATION_LEVEL = "-O";
				VALIDATE_PRODUCT = YES;
			};
			name = Release;
		};
		3F9B96B326DD34A5003A2B50 /* Debug */ = {
			isa = XCBuildConfiguration;
			buildSettings = {
				ASSETCATALOG_COMPILER_APPICON_NAME = AppIcon;
				ASSETCATALOG_COMPILER_GLOBAL_ACCENT_COLOR_NAME = AccentColor;
				CODE_SIGN_STYLE = Automatic;
				DEVELOPMENT_ASSET_PATHS = "\"iDine/Preview Content\"";
				ENABLE_PREVIEWS = YES;
				INFOPLIST_FILE = iDine/Info.plist;
				IPHONEOS_DEPLOYMENT_TARGET = 14.0;
				LD_RUNPATH_SEARCH_PATHS = (
					"$(inherited)",
					"@executable_path/Frameworks",
				);
				PRODUCT_BUNDLE_IDENTIFIER = Humieniuk.iDine;
				PRODUCT_NAME = "$(TARGET_NAME)";
				SWIFT_VERSION = 5.0;
				TARGETED_DEVICE_FAMILY = "1,2";
			};
			name = Debug;
		};
		3F9B96B426DD34A5003A2B50 /* Release */ = {
			isa = XCBuildConfiguration;
			buildSettings = {
				ASSETCATALOG_COMPILER_APPICON_NAME = AppIcon;
				ASSETCATALOG_COMPILER_GLOBAL_ACCENT_COLOR_NAME = AccentColor;
				CODE_SIGN_STYLE = Automatic;
				DEVELOPMENT_ASSET_PATHS = "\"iDine/Preview Content\"";
				ENABLE_PREVIEWS = YES;
				INFOPLIST_FILE = iDine/Info.plist;
				IPHONEOS_DEPLOYMENT_TARGET = 14.0;
				LD_RUNPATH_SEARCH_PATHS = (
					"$(inherited)",
					"@executable_path/Frameworks",
				);
				PRODUCT_BUNDLE_IDENTIFIER = Humieniuk.iDine;
				PRODUCT_NAME = "$(TARGET_NAME)";
				SWIFT_VERSION = 5.0;
				TARGETED_DEVICE_FAMILY = "1,2";
			};
			name = Release;
		};
/* End XCBuildConfiguration section */

/* Begin XCConfigurationList section */
		3F9B969E26DD349A003A2B50 /* Build configuration list for PBXProject "iDine" */ = {
			isa = XCConfigurationList;
			buildConfigurations = (
				3F9B96B026DD34A5003A2B50 /* Debug */,
				3F9B96B126DD34A5003A2B50 /* Release */,
			);
			defaultConfigurationIsVisible = 0;
			defaultConfigurationName = Release;
		};
		3F9B96B226DD34A5003A2B50 /* Build configuration list for PBXNativeTarget "iDine" */ = {
			isa = XCConfigurationList;
			buildConfigurations = (
				3F9B96B326DD34A5003A2B50 /* Debug */,
				3F9B96B426DD34A5003A2B50 /* Release */,
			);
			defaultConfigurationIsVisible = 0;
			defaultConfigurationName = Release;
		};
/* End XCConfigurationList section */
	};
	rootObject = 3F9B969B26DD349A003A2B50 /* Project object */;
}
